{
  "requires": true,
  "lockfileVersion": 1,
  "dependencies": {
    "vue": {
      "version": "2.5.18",
      "resolved": "https://registry.npmjs.org/vue/-/vue-2.5.18.tgz",
      "integrity": "sha512-j4oT4jQdhBf3dUxzu1ogjkhzMU44AtwqtLz7oq/u7340/lmUUogTG6/D6P4/J2cCosoM21MqMIUsQchPKS4elg=="
    },
    "vuetify": {
      "version": "1.5.14",
      "resolved": "https://registry.npmjs.org/vuetify/-/vuetify-1.5.14.tgz",
      "integrity": "sha512-7iM+TfghR/wu/Gl+k37lKr0N8Ddr6SxzqHtoK1dIyHgCH6SJRkpaXPw2MC5/FsAg9aUDJbYNWrzSeu5eHw+Q/w=="
    }
  }
}
